Microsoft Visual Studio Solution File, Format Version 12.00
# Visual Studio Version 17
VisualStudioVersion = 17.5.2.0
MinimumVisualStudioVersion = 10.0.40219.1
Project("{FAE04EC0-301F-11D3-BF4B-00C04F79EFBC}") = "xunit-bdd", "xunit-bdd.csproj", "{7DAB1D47-7294-C8A4-EB84-2198B564D884}"
EndProject
Global
	GlobalSection(SolutionConfigurationPlatforms) = preSolution
		Debug|Any CPU = Debug|Any CPU
		Release|Any CPU = Release|Any CPU
	EndGlobalSection
	GlobalSection(ProjectConfigurationPlatforms) = postSolution
		{7DAB1D47-7294-C8A4-EB84-2198B564D884}.Debug|Any CPU.ActiveCfg = Debug|Any CPU
		{7DAB1D47-7294-C8A4-EB84-2198B564D884}.Debug|Any CPU.Build.0 = Debug|Any CPU
		{7DAB1D47-7294-C8A4-EB84-2198B564D884}.Release|Any CPU.ActiveCfg = Release|Any CPU
		{7DAB1D47-7294-C8A4-EB84-2198B564D884}.Release|Any CPU.Build.0 = Release|Any CPU
	EndGlobalSection
	GlobalSection(SolutionProperties) = preSolution
		HideSolutionNode = FALSE
	EndGlobalSection
	GlobalSection(ExtensibilityGlobals) = postSolution
		SolutionGuid = {0ED2E56C-99C3-4CB7-9981-CEC21BC36D5C}
	EndGlobalSection
EndGlobal
